
Microsoft Visual Studio Solution File, Format Version 12.00
# Visual Studio Version 17
VisualStudioVersion = 17.6.33815.320
MinimumVisualStudioVersion = 10.0.40219.1
Project("{FAE04EC0-301F-11D3-BF4B-00C04F79EFBC}") = "SubmitTest", "SubmitTest\SubmitTest.csproj", "{913C281D-2FEB-4D9C-A6C3-D451AED73F17}"
EndProject
Global
	GlobalSection(SolutionConfigurationPlatforms) = preSolution
		Debug|Any CPU = Debug|Any CPU
		Release|Any CPU = Release|Any CPU
	EndGlobalSection
	GlobalSection(ProjectConfigurationPlatforms) = postSolution
		{913C281D-2FEB-4D9C-A6C3-D451AED73F17}.Debug|Any CPU.ActiveCfg = Debug|Any CPU
		{913C281D-2FEB-4D9C-A6C3-D451AED73F17}.Debug|Any CPU.Build.0 = Debug|Any CPU
		{913C281D-2FEB-4D9C-A6C3-D451AED73F17}.Release|Any CPU.ActiveCfg = Release|Any CPU
		{913C281D-2FEB-4D9C-A6C3-D451AED73F17}.Release|Any CPU.Build.0 = Release|Any CPU
	EndGlobalSection
	GlobalSection(SolutionProperties) = preSolution
		HideSolutionNode = FALSE
	EndGlobalSection
	GlobalSection(ExtensibilityGlobals) = postSolution
		SolutionGuid = {22207F05-6020-4C8B-AD9C-D0B1006C14BC}
	EndGlobalSection
EndGlobal
